
Microsoft Visual Studio Solution File, Format Version 12.00
# Visual Studio 15
VisualStudioVersion = 15.0.26124.0
MinimumVisualStudioVersion = 15.0.26124.0
Project("{9A19103F-16F7-4668-BE54-9A1E7A4F7556}") = "R5T.D0025.Construction", "R5T.D0025.Construction\R5T.D0025.Construction.csproj", "{E5E71E87-7D4B-4C52-A5FE-3FA02383C3B2}"
EndProject
Project("{9A19103F-16F7-4668-BE54-9A1E7A4F7556}") = "R5T.D0025", "R5T.D0025\R5T.D0025.csproj", "{30E27EE2-CB9A-4FAD-BFB6-E5964E22B4EA}"
EndProject
Project("{9A19103F-16F7-4668-BE54-9A1E7A4F7556}") = "R5T.D0025.Base", "R5T.D0025.Base\R5T.D0025.Base.csproj", "{C6395465-6B4C-48E4-A95C-2EE9E5997318}"
EndProject
Project("{2150E333-8FDC-42A3-9474-1A3956D46DE8}") = "_Dependencies", "_Dependencies", "{CA2BB28E-22AA-4628-B7ED-0260DECE34E2}"
EndProject
Project("{9A19103F-16F7-4668-BE54-9A1E7A4F7556}") = "R5T.Dacia.Extensions", "..\..\R5T.Dacia.Extensions\source\R5T.Dacia.Extensions\R5T.Dacia.Extensions.csproj", "{E87C6546-FCB4-4CFD-BA19-037292890094}"
EndProject
Project("{9A19103F-16F7-4668-BE54-9A1E7A4F7556}") = "R5T.Dacia", "..\..\R5T.Dacia\source\R5T.Dacia\R5T.Dacia.csproj", "{BE3064AA-83AA-4718-A2E1-38F47DEFA163}"
EndProject
Project("{9A19103F-16F7-4668-BE54-9A1E7A4F7556}") = "R5T.D0025.Default", "R5T.D0025.Default\R5T.D0025.Default.csproj", "{AF6FC3AA-C9E6-4999-8D6E-29E2FAD6DA6E}"
EndProject
Project("{9A19103F-16F7-4668-BE54-9A1E7A4F7556}") = "R5T.D0024", "..\..\R5T.D0024\source\R5T.D0024\R5T.D0024.csproj", "{41A2B3B1-B1CA-495E-BCB9-455252B39CD3}"
EndProject
Project("{9A19103F-16F7-4668-BE54-9A1E7A4F7556}") = "R5T.T0064", "..\..\R5T.T0064\source\R5T.T0064\R5T.T0064.csproj", "{919C6A30-1ECB-4BA0-ABC7-37C0C001A887}"
EndProject
Global
	GlobalSection(SolutionConfigurationPlatforms) = preSolution
		Debug|Any CPU = Debug|Any CPU
		Debug|x64 = Debug|x64
		Debug|x86 = Debug|x86
		Release|Any CPU = Release|Any CPU
		Release|x64 = Release|x64
		Release|x86 = Release|x86
	EndGlobalSection
	GlobalSection(ProjectConfigurationPlatforms) = postSolution
		{E5E71E87-7D4B-4C52-A5FE-3FA02383C3B2}.Debug|Any CPU.ActiveCfg = Debug|Any CPU
		{E5E71E87-7D4B-4C52-A5FE-3FA02383C3B2}.Debug|Any CPU.Build.0 = Debug|Any CPU
		{E5E71E87-7D4B-4C52-A5FE-3FA02383C3B2}.Debug|x64.ActiveCfg = Debug|Any CPU
		{E5E71E87-7D4B-4C52-A5FE-3FA02383C3B2}.Debug|x64.Build.0 = Debug|Any CPU
		{E5E71E87-7D4B-4C52-A5FE-3FA02383C3B2}.Debug|x86.ActiveCfg = Debug|Any CPU
		{E5E71E87-7D4B-4C52-A5FE-3FA02383C3B2}.Debug|x86.Build.0 = Debug|Any CPU
		{E5E71E87-7D4B-4C52-A5FE-3FA02383C3B2}.Release|Any CPU.ActiveCfg = Release|Any CPU
		{E5E71E87-7D4B-4C52-A5FE-3FA02383C3B2}.Release|Any CPU.Build.0 = Release|Any CPU
		{E5E71E87-7D4B-4C52-A5FE-3FA02383C3B2}.Release|x64.ActiveCfg = Release|Any CPU
		{E5E71E87-7D4B-4C52-A5FE-3FA02383C3B2}.Release|x64.Build.0 = Release|Any CPU
		{E5E71E87-7D4B-4C52-A5FE-3FA02383C3B2}.Release|x86.ActiveCfg = Release|Any CPU
		{E5E71E87-7D4B-4C52-A5FE-3FA02383C3B2}.Release|x86.Build.0 = Release|Any CPU
		{30E27EE2-CB9A-4FAD-BFB6-E5964E22B4EA}.Debug|Any CPU.ActiveCfg = Debug|Any CPU
		{30E27EE2-CB9A-4FAD-BFB6-E5964E22B4EA}.Debug|Any CPU.Build.0 = Debug|Any CPU
		{30E27EE2-CB9A-4FAD-BFB6-E5964E22B4EA}.Debug|x64.ActiveCfg = Debug|Any CPU
		{30E27EE2-CB9A-4FAD-BFB6-E5964E22B4EA}.Debug|x64.Build.0 = Debug|Any CPU
		{30E27EE2-CB9A-4FAD-BFB6-E5964E22B4EA}.Debug|x86.ActiveCfg = Debug|Any CPU
		{30E27EE2-CB9A-4FAD-BFB6-E5964E22B4EA}.Debug|x86.Build.0 = Debug|Any CPU
		{30E27EE2-CB9A-4FAD-BFB6-E5964E22B4EA}.Release|Any CPU.ActiveCfg = Release|Any CPU
		{30E27EE2-CB9A-4FAD-BFB6-E5964E22B4EA}.Release|Any CPU.Build.0 = Release|Any CPU
		{30E27EE2-CB9A-4FAD-BFB6-E5964E22B4EA}.Release|x64.ActiveCfg = Release|Any CPU
		{30E27EE2-CB9A-4FAD-BFB6-E5964E22B4EA}.Release|x64.Build.0 = Release|Any CPU
		{30E27EE2-CB9A-4FAD-BFB6-E5964E22B4EA}.Release|x86.ActiveCfg = Release|Any CPU
		{30E27EE2-CB9A-4FAD-BFB6-E5964E22B4EA}.Release|x86.Build.0 = Release|Any CPU
		{C6395465-6B4C-48E4-A95C-2EE9E5997318}.Debug|Any CPU.ActiveCfg = Debug|Any CPU
		{C6395465-6B4C-48E4-A95C-2EE9E5997318}.Debug|Any CPU.Build.0 = Debug|Any CPU
		{C6395465-6B4C-48E4-A95C-2EE9E5997318}.Debug|x64.ActiveCfg = Debug|Any CPU
		{C6395465-6B4C-48E4-A95C-2EE9E5997318}.Debug|x64.Build.0 = Debug|Any CPU
		{C6395465-6B4C-48E4-A95C-2EE9E5997318}.Debug|x86.ActiveCfg = Debug|Any CPU
		{C6395465-6B4C-48E4-A95C-2EE9E5997318}.Debug|x86.Build.0 = Debug|Any CPU
		{C6395465-6B4C-48E4-A95C-2EE9E5997318}.Release|Any CPU.ActiveCfg = Release|Any CPU
		{C6395465-6B4C-48E4-A95C-2EE9E5997318}.Release|Any CPU.Build.0 = Release|Any CPU
		{C6395465-6B4C-48E4-A95C-2EE9E5997318}.Release|x64.ActiveCfg = Release|Any CPU
		{C6395465-6B4C-48E4-A95C-2EE9E5997318}.Release|x64.Build.0 = Release|Any CPU
		{C6395465-6B4C-48E4-A95C-2EE9E5997318}.Release|x86.ActiveCfg = Release|Any CPU
		{C6395465-6B4C-48E4-A95C-2EE9E5997318}.Release|x86.Build.0 = Release|Any CPU
		{E87C6546-FCB4-4CFD-BA19-037292890094}.Debug|Any CPU.ActiveCfg = Debug|Any CPU
		{E87C6546-FCB4-4CFD-BA19-037292890094}.Debug|Any CPU.Build.0 = Debug|Any CPU
		{E87C6546-FCB4-4CFD-BA19-037292890094}.Debug|x64.ActiveCfg = Debug|Any CPU
		{E87C6546-FCB4-4CFD-BA19-037292890094}.Debug|x64.Build.0 = Debug|Any CPU
		{E87C6546-FCB4-4CFD-BA19-037292890094}.Debug|x86.ActiveCfg = Debug|Any CPU
		{E87C6546-FCB4-4CFD-BA19-037292890094}.Debug|x86.Build.0 = Debug|Any CPU
		{E87C6546-FCB4-4CFD-BA19-037292890094}.Release|Any CPU.ActiveCfg = Release|Any CPU
		{E87C6546-FCB4-4CFD-BA19-037292890094}.Release|Any CPU.Build.0 = Release|Any CPU
		{E87C6546-FCB4-4CFD-BA19-037292890094}.Release|x64.ActiveCfg = Release|Any CPU
		{E87C6546-FCB4-4CFD-BA19-037292890094}.Release|x64.Build.0 = Release|Any CPU
		{E87C6546-FCB4-4CFD-BA19-037292890094}.Release|x86.ActiveCfg = Release|Any CPU
		{E87C6546-FCB4-4CFD-BA19-037292890094}.Release|x86.Build.0 = Release|Any CPU
		{BE3064AA-83AA-4718-A2E1-38F47DEFA163}.Debug|Any CPU.ActiveCfg = Debug|Any CPU
		{BE3064AA-83AA-4718-A2E1-38F47DEFA163}.Debug|Any CPU.Build.0 = Debug|Any CPU
		{BE3064AA-83AA-4718-A2E1-38F47DEFA163}.Debug|x64.ActiveCfg = Debug|Any CPU
		{BE3064AA-83AA-4718-A2E1-38F47DEFA163}.Debug|x64.Build.0 = Debug|Any CPU
		{BE3064AA-83AA-4718-A2E1-38F47DEFA163}.Debug|x86.ActiveCfg = Debug|Any CPU
		{BE3064AA-83AA-4718-A2E1-38F47DEFA163}.Debug|x86.Build.0 = Debug|Any CPU
		{BE3064AA-83AA-4718-A2E1-38F47DEFA163}.Release|Any CPU.ActiveCfg = Release|Any CPU
		{BE3064AA-83AA-4718-A2E1-38F47DEFA163}.Release|Any CPU.Build.0 = Release|Any CPU
		{BE3064AA-83AA-4718-A2E1-38F47DEFA163}.Release|x64.ActiveCfg = Release|Any CPU
		{BE3064AA-83AA-4718-A2E1-38F47DEFA163}.Release|x64.Build.0 = Release|Any CPU
		{BE3064AA-83AA-4718-A2E1-38F47DEFA163}.Release|x86.ActiveCfg = Release|Any CPU
		{BE3064AA-83AA-4718-A2E1-38F47DEFA163}.Release|x86.Build.0 = Release|Any CPU
		{AF6FC3AA-C9E6-4999-8D6E-29E2FAD6DA6E}.Debug|Any CPU.ActiveCfg = Debug|Any CPU
		{AF6FC3AA-C9E6-4999-8D6E-29E2FAD6DA6E}.Debug|Any CPU.Build.0 = Debug|Any CPU
		{AF6FC3AA-C9E6-4999-8D6E-29E2FAD6DA6E}.Debug|x64.ActiveCfg = Debug|Any CPU
		{AF6FC3AA-C9E6-4999-8D6E-29E2FAD6DA6E}.Debug|x64.Build.0 = Debug|Any CPU
		{AF6FC3AA-C9E6-4999-8D6E-29E2FAD6DA6E}.Debug|x86.ActiveCfg = Debug|Any CPU
		{AF6FC3AA-C9E6-4999-8D6E-29E2FAD6DA6E}.Debug|x86.Build.0 = Debug|Any CPU
		{AF6FC3AA-C9E6-4999-8D6E-29E2FAD6DA6E}.Release|Any CPU.ActiveCfg = Release|Any CPU
		{AF6FC3AA-C9E6-4999-8D6E-29E2FAD6DA6E}.Release|Any CPU.Build.0 = Release|Any CPU
		{AF6FC3AA-C9E6-4999-8D6E-29E2FAD6DA6E}.Release|x64.ActiveCfg = Release|Any CPU
		{AF6FC3AA-C9E6-4999-8D6E-29E2FAD6DA6E}.Release|x64.Build.0 = Release|Any CPU
		{AF6FC3AA-C9E6-4999-8D6E-29E2FAD6DA6E}.Release|x86.ActiveCfg = Release|Any CPU
		{AF6FC3AA-C9E6-4999-8D6E-29E2FAD6DA6E}.Release|x86.Build.0 = Release|Any CPU
		{41A2B3B1-B1CA-495E-BCB9-455252B39CD3}.Debug|Any CPU.ActiveCfg = Debug|Any CPU
		{41A2B3B1-B1CA-495E-BCB9-455252B39CD3}.Debug|Any CPU.Build.0 = Debug|Any CPU
		{41A2B3B1-B1CA-495E-BCB9-455252B39CD3}.Debug|x64.ActiveCfg = Debug|Any CPU
		{41A2B3B1-B1CA-495E-BCB9-455252B39CD3}.Debug|x64.Build.0 = Debug|Any CPU
		{41A2B3B1-B1CA-495E-BCB9-455252B39CD3}.Debug|x86.ActiveCfg = Debug|Any CPU
		{41A2B3B1-B1CA-495E-BCB9-455252B39CD3}.Debug|x86.Build.0 = Debug|Any CPU
		{41A2B3B1-B1CA-495E-BCB9-455252B39CD3}.Release|Any CPU.ActiveCfg = Release|Any CPU
		{41A2B3B1-B1CA-495E-BCB9-455252B39CD3}.Release|Any CPU.Build.0 = Release|Any CPU
		{41A2B3B1-B1CA-495E-BCB9-455252B39CD3}.Release|x64.ActiveCfg = Release|Any CPU
		{41A2B3B1-B1CA-495E-BCB9-455252B39CD3}.Release|x64.Build.0 = Release|Any CPU
		{41A2B3B1-B1CA-495E-BCB9-455252B39CD3}.Release|x86.ActiveCfg = Release|Any CPU
		{41A2B3B1-B1CA-495E-BCB9-455252B39CD3}.Release|x86.Build.0 = Release|Any CPU
		{919C6A30-1ECB-4BA0-ABC7-37C0C001A887}.Debug|Any CPU.ActiveCfg = Debug|Any CPU
		{919C6A30-1ECB-4BA0-ABC7-37C0C001A887}.Debug|Any CPU.Build.0 = Debug|Any CPU
		{919C6A30-1ECB-4BA0-ABC7-37C0C001A887}.Debug|x64.ActiveCfg = Debug|Any CPU
		{919C6A30-1ECB-4BA0-ABC7-37C0C001A887}.Debug|x64.Build.0 = Debug|Any CPU
		{919C6A30-1ECB-4BA0-ABC7-37C0C001A887}.Debug|x86.ActiveCfg = Debug|Any CPU
		{919C6A30-1ECB-4BA0-ABC7-37C0C001A887}.Debug|x86.Build.0 = Debug|Any CPU
		{919C6A30-1ECB-4BA0-ABC7-37C0C001A887}.Release|Any CPU.ActiveCfg = Release|Any CPU
		{919C6A30-1ECB-4BA0-ABC7-37C0C001A887}.Release|Any CPU.Build.0 = Release|Any CPU
		{919C6A30-1ECB-4BA0-ABC7-37C0C001A887}.Release|x64.ActiveCfg = Release|Any CPU
		{919C6A30-1ECB-4BA0-ABC7-37C0C001A887}.Release|x64.Build.0 = Release|Any CPU
		{919C6A30-1ECB-4BA0-ABC7-37C0C001A887}.Release|x86.ActiveCfg = Release|Any CPU
		{919C6A30-1ECB-4BA0-ABC7-37C0C001A887}.Release|x86.Build.0 = Release|Any CPU
	EndGlobalSection
	GlobalSection(SolutionProperties) = preSolution
		HideSolutionNode = FALSE
	EndGlobalSection
	GlobalSection(NestedProjects) = preSolution
		{E87C6546-FCB4-4CFD-BA19-037292890094} = {CA2BB28E-22AA-4628-B7ED-0260DECE34E2}
		{BE3064AA-83AA-4718-A2E1-38F47DEFA163} = {CA2BB28E-22AA-4628-B7ED-0260DECE34E2}
		{41A2B3B1-B1CA-495E-BCB9-455252B39CD3} = {CA2BB28E-22AA-4628-B7ED-0260DECE34E2}
		{919C6A30-1ECB-4BA0-ABC7-37C0C001A887} = {CA2BB28E-22AA-4628-B7ED-0260DECE34E2}
	EndGlobalSection
	GlobalSection(ExtensibilityGlobals) = postSolution
		SolutionGuid = {A5E843C5-92DA-4894-B6DA-6A29F0E5CE68}
	EndGlobalSection
EndGlobal
