
Microsoft Visual Studio Solution File, Format Version 12.00
# Visual Studio Version 16
VisualStudioVersion = 16.0.30114.105
MinimumVisualStudioVersion = 10.0.40219.1
Project("{FAE04EC0-301F-11D3-BF4B-00C04F79EFBC}") = "R5T.D0025", "R5T.D0025\R5T.D0025.csproj", "{E97D83D8-6431-4DB0-BE66-019100BB5385}"
EndProject
Project("{FAE04EC0-301F-11D3-BF4B-00C04F79EFBC}") = "R5T.D0025.Base", "R5T.D0025.Base\R5T.D0025.Base.csproj", "{5FFDDC81-350F-4357-BB28-83A00E992AC7}"
EndProject
Project("{FAE04EC0-301F-11D3-BF4B-00C04F79EFBC}") = "R5T.D0025.Construction", "R5T.D0025.Construction\R5T.D0025.Construction.csproj", "{3F351D01-EFA9-4D52-9AAE-60CBA1AA5B26}"
EndProject
Project("{FAE04EC0-301F-11D3-BF4B-00C04F79EFBC}") = "R5T.D0025.Default", "R5T.D0025.Default\R5T.D0025.Default.csproj", "{6FC0B57F-5B84-44CC-9A9B-62D2BEB80BB7}"
EndProject
Global
	GlobalSection(SolutionConfigurationPlatforms) = preSolution
		Debug|Any CPU = Debug|Any CPU
		Debug|x64 = Debug|x64
		Debug|x86 = Debug|x86
		Release|Any CPU = Release|Any CPU
		Release|x64 = Release|x64
		Release|x86 = Release|x86
	EndGlobalSection
	GlobalSection(SolutionProperties) = preSolution
		HideSolutionNode = FALSE
	EndGlobalSection
	GlobalSection(ProjectConfigurationPlatforms) = postSolution
		{E97D83D8-6431-4DB0-BE66-019100BB5385}.Debug|Any CPU.ActiveCfg = Debug|Any CPU
		{E97D83D8-6431-4DB0-BE66-019100BB5385}.Debug|Any CPU.Build.0 = Debug|Any CPU
		{E97D83D8-6431-4DB0-BE66-019100BB5385}.Debug|x64.ActiveCfg = Debug|Any CPU
		{E97D83D8-6431-4DB0-BE66-019100BB5385}.Debug|x64.Build.0 = Debug|Any CPU
		{E97D83D8-6431-4DB0-BE66-019100BB5385}.Debug|x86.ActiveCfg = Debug|Any CPU
		{E97D83D8-6431-4DB0-BE66-019100BB5385}.Debug|x86.Build.0 = Debug|Any CPU
		{E97D83D8-6431-4DB0-BE66-019100BB5385}.Release|Any CPU.ActiveCfg = Release|Any CPU
		{E97D83D8-6431-4DB0-BE66-019100BB5385}.Release|Any CPU.Build.0 = Release|Any CPU
		{E97D83D8-6431-4DB0-BE66-019100BB5385}.Release|x64.ActiveCfg = Release|Any CPU
		{E97D83D8-6431-4DB0-BE66-019100BB5385}.Release|x64.Build.0 = Release|Any CPU
		{E97D83D8-6431-4DB0-BE66-019100BB5385}.Release|x86.ActiveCfg = Release|Any CPU
		{E97D83D8-6431-4DB0-BE66-019100BB5385}.Release|x86.Build.0 = Release|Any CPU
		{5FFDDC81-350F-4357-BB28-83A00E992AC7}.Debug|Any CPU.ActiveCfg = Debug|Any CPU
		{5FFDDC81-350F-4357-BB28-83A00E992AC7}.Debug|Any CPU.Build.0 = Debug|Any CPU
		{5FFDDC81-350F-4357-BB28-83A00E992AC7}.Debug|x64.ActiveCfg = Debug|Any CPU
		{5FFDDC81-350F-4357-BB28-83A00E992AC7}.Debug|x64.Build.0 = Debug|Any CPU
		{5FFDDC81-350F-4357-BB28-83A00E992AC7}.Debug|x86.ActiveCfg = Debug|Any CPU
		{5FFDDC81-350F-4357-BB28-83A00E992AC7}.Debug|x86.Build.0 = Debug|Any CPU
		{5FFDDC81-350F-4357-BB28-83A00E992AC7}.Release|Any CPU.ActiveCfg = Release|Any CPU
		{5FFDDC81-350F-4357-BB28-83A00E992AC7}.Release|Any CPU.Build.0 = Release|Any CPU
		{5FFDDC81-350F-4357-BB28-83A00E992AC7}.Release|x64.ActiveCfg = Release|Any CPU
		{5FFDDC81-350F-4357-BB28-83A00E992AC7}.Release|x64.Build.0 = Release|Any CPU
		{5FFDDC81-350F-4357-BB28-83A00E992AC7}.Release|x86.ActiveCfg = Release|Any CPU
		{5FFDDC81-350F-4357-BB28-83A00E992AC7}.Release|x86.Build.0 = Release|Any CPU
		{3F351D01-EFA9-4D52-9AAE-60CBA1AA5B26}.Debug|Any CPU.ActiveCfg = Debug|Any CPU
		{3F351D01-EFA9-4D52-9AAE-60CBA1AA5B26}.Debug|Any CPU.Build.0 = Debug|Any CPU
		{3F351D01-EFA9-4D52-9AAE-60CBA1AA5B26}.Debug|x64.ActiveCfg = Debug|Any CPU
		{3F351D01-EFA9-4D52-9AAE-60CBA1AA5B26}.Debug|x64.Build.0 = Debug|Any CPU
		{3F351D01-EFA9-4D52-9AAE-60CBA1AA5B26}.Debug|x86.ActiveCfg = Debug|Any CPU
		{3F351D01-EFA9-4D52-9AAE-60CBA1AA5B26}.Debug|x86.Build.0 = Debug|Any CPU
		{3F351D01-EFA9-4D52-9AAE-60CBA1AA5B26}.Release|Any CPU.ActiveCfg = Release|Any CPU
		{3F351D01-EFA9-4D52-9AAE-60CBA1AA5B26}.Release|Any CPU.Build.0 = Release|Any CPU
		{3F351D01-EFA9-4D52-9AAE-60CBA1AA5B26}.Release|x64.ActiveCfg = Release|Any CPU
		{3F351D01-EFA9-4D52-9AAE-60CBA1AA5B26}.Release|x64.Build.0 = Release|Any CPU
		{3F351D01-EFA9-4D52-9AAE-60CBA1AA5B26}.Release|x86.ActiveCfg = Release|Any CPU
		{3F351D01-EFA9-4D52-9AAE-60CBA1AA5B26}.Release|x86.Build.0 = Release|Any CPU
		{6FC0B57F-5B84-44CC-9A9B-62D2BEB80BB7}.Debug|Any CPU.ActiveCfg = Debug|Any CPU
		{6FC0B57F-5B84-44CC-9A9B-62D2BEB80BB7}.Debug|Any CPU.Build.0 = Debug|Any CPU
		{6FC0B57F-5B84-44CC-9A9B-62D2BEB80BB7}.Debug|x64.ActiveCfg = Debug|Any CPU
		{6FC0B57F-5B84-44CC-9A9B-62D2BEB80BB7}.Debug|x64.Build.0 = Debug|Any CPU
		{6FC0B57F-5B84-44CC-9A9B-62D2BEB80BB7}.Debug|x86.ActiveCfg = Debug|Any CPU
		{6FC0B57F-5B84-44CC-9A9B-62D2BEB80BB7}.Debug|x86.Build.0 = Debug|Any CPU
		{6FC0B57F-5B84-44CC-9A9B-62D2BEB80BB7}.Release|Any CPU.ActiveCfg = Release|Any CPU
		{6FC0B57F-5B84-44CC-9A9B-62D2BEB80BB7}.Release|Any CPU.Build.0 = Release|Any CPU
		{6FC0B57F-5B84-44CC-9A9B-62D2BEB80BB7}.Release|x64.ActiveCfg = Release|Any CPU
		{6FC0B57F-5B84-44CC-9A9B-62D2BEB80BB7}.Release|x64.Build.0 = Release|Any CPU
		{6FC0B57F-5B84-44CC-9A9B-62D2BEB80BB7}.Release|x86.ActiveCfg = Release|Any CPU
		{6FC0B57F-5B84-44CC-9A9B-62D2BEB80BB7}.Release|x86.Build.0 = Release|Any CPU
	EndGlobalSection
EndGlobal
